
Microsoft Visual Studio Solution File, Format Version 12.00
# Visual Studio Version 17
VisualStudioVersion = 17.4.33205.214
MinimumVisualStudioVersion = 10.0.40219.1
Project("{FAE04EC0-301F-11D3-BF4B-00C04F79EFBC}") = "ProgramaMediaProvas", "ProgramaMediaProvas.csproj", "{0E5C482E-64B2-47BA-B409-F32DC6248DB8}"
EndProject
Global
	GlobalSection(SolutionConfigurationPlatforms) = preSolution
		Debug|Any CPU = Debug|Any CPU
		Release|Any CPU = Release|Any CPU
	EndGlobalSection
	GlobalSection(ProjectConfigurationPlatforms) = postSolution
		{0E5C482E-64B2-47BA-B409-F32DC6248DB8}.Debug|Any CPU.ActiveCfg = Debug|Any CPU
		{0E5C482E-64B2-47BA-B409-F32DC6248DB8}.Debug|Any CPU.Build.0 = Debug|Any CPU
		{0E5C482E-64B2-47BA-B409-F32DC6248DB8}.Release|Any CPU.ActiveCfg = Release|Any CPU
		{0E5C482E-64B2-47BA-B409-F32DC6248DB8}.Release|Any CPU.Build.0 = Release|Any CPU
	EndGlobalSection
	GlobalSection(SolutionProperties) = preSolution
		HideSolutionNode = FALSE
	EndGlobalSection
	GlobalSection(ExtensibilityGlobals) = postSolution
		SolutionGuid = {8A65759C-F781-45B1-9D12-76C21E6CCAA3}
	EndGlobalSection
EndGlobal
