
Microsoft Visual Studio Solution File, Format Version 12.00
# Visual Studio Version 17
VisualStudioVersion = 17.4.33205.214
MinimumVisualStudioVersion = 10.0.40219.1
Project("{FAE04EC0-301F-11D3-BF4B-00C04F79EFBC}") = "consumoCombustivelProjetoRumo", "consumoCombustivelProjetoRumo.csproj", "{9C212DB4-A81D-468B-82B5-A874E021E29D}"
EndProject
Global
	GlobalSection(SolutionConfigurationPlatforms) = preSolution
		Debug|Any CPU = Debug|Any CPU
		Release|Any CPU = Release|Any CPU
	EndGlobalSection
	GlobalSection(ProjectConfigurationPlatforms) = postSolution
		{9C212DB4-A81D-468B-82B5-A874E021E29D}.Debug|Any CPU.ActiveCfg = Debug|Any CPU
		{9C212DB4-A81D-468B-82B5-A874E021E29D}.Debug|Any CPU.Build.0 = Debug|Any CPU
		{9C212DB4-A81D-468B-82B5-A874E021E29D}.Release|Any CPU.ActiveCfg = Release|Any CPU
		{9C212DB4-A81D-468B-82B5-A874E021E29D}.Release|Any CPU.Build.0 = Release|Any CPU
	EndGlobalSection
	GlobalSection(SolutionProperties) = preSolution
		HideSolutionNode = FALSE
	EndGlobalSection
	GlobalSection(ExtensibilityGlobals) = postSolution
		SolutionGuid = {42EEE85A-6E53-4150-B512-522624260569}
	EndGlobalSection
EndGlobal
